
Microsoft Visual Studio Solution File, Format Version 12.00
# Visual Studio Version 17
VisualStudioVersion = 17.6.33829.357
MinimumVisualStudioVersion = 10.0.40219.1
Project("{FAE04EC0-301F-11D3-BF4B-00C04F79EFBC}") = "MovieTracker", "MovieTracker\MovieTracker.csproj", "{78EA78D6-406B-418E-872D-4AF527525B63}"
EndProject
Global
	GlobalSection(SolutionConfigurationPlatforms) = preSolution
		Debug|Any CPU = Debug|Any CPU
		Release|Any CPU = Release|Any CPU
	EndGlobalSection
	GlobalSection(ProjectConfigurationPlatforms) = postSolution
		{78EA78D6-406B-418E-872D-4AF527525B63}.Debug|Any CPU.ActiveCfg = Debug|Any CPU
		{78EA78D6-406B-418E-872D-4AF527525B63}.Debug|Any CPU.Build.0 = Debug|Any CPU
		{78EA78D6-406B-418E-872D-4AF527525B63}.Release|Any CPU.ActiveCfg = Release|Any CPU
		{78EA78D6-406B-418E-872D-4AF527525B63}.Release|Any CPU.Build.0 = Release|Any CPU
	EndGlobalSection
	GlobalSection(SolutionProperties) = preSolution
		HideSolutionNode = FALSE
	EndGlobalSection
	GlobalSection(ExtensibilityGlobals) = postSolution
		SolutionGuid = {21FE5FE8-92C5-4F54-A341-5E1EF7316BEA}
	EndGlobalSection
EndGlobal
